dependencies:
- name: metallb
  repository: https://kubernetes-charts.storage.googleapis.com
  version: 0.12.1
- name: nginx-ingress
  repository: https://kubernetes-charts.storage.googleapis.com
  version: 1.41.3
digest: sha256:dd5e5c664a57df43d43e605052a52f0af33d9113f88caf986119bffcb290bdc3
generated: "2020-08-26T14:45:03.929483229+09:00"
